
Microsoft Visual Studio Solution File, Format Version 12.00
# Visual Studio Version 17
VisualStudioVersion = 17.4.33110.190
MinimumVisualStudioVersion = 10.0.40219.1
Project("{9A19103F-16F7-4668-BE54-9A1E7A4F7556}") = "UE3ShaderCachePatcher", "UE3ShaderCachePatcher\UE3ShaderCachePatcher.csproj", "{58992D17-9D82-4588-8621-AB6940859628}"
	ProjectSection(ProjectDependencies) = postProject
		{7E45273F-434F-42FA-8269-0E760AEB41E1} = {7E45273F-434F-42FA-8269-0E760AEB41E1}
	EndProjectSection
EndProject
Project("{2150E333-8FDC-42A3-9474-1A3956D46DE8}") = "Solution Items", "Solution Items", "{F46702A5-F497-44C0-82FC-F559FD1F95E7}"
	ProjectSection(SolutionItems) = preProject
		.gitignore = .gitignore
		.gitmodules = .gitmodules
		LICENSE = LICENSE
		README.md = README.md
	EndProjectSection
EndProject
Project("{FAE04EC0-301F-11D3-BF4B-00C04F79EFBC}") = "Eliot.UELib", "Unreal-Library\src\Eliot.UELib.csproj", "{7E45273F-434F-42FA-8269-0E760AEB41E1}"
EndProject
Project("{7332AA71-55DD-49B5-980A-73AE5A941ADF}") = "BespokeFusion", "Material-Message-Box\BespokeFusion\BespokeFusion.csproj", "{F903C555-78E6-4A9C-AF61-EB9BD5901113}"
EndProject
Project("{FAE04EC0-301F-11D3-BF4B-00C04F79EFBC}") = "UE3ShaderCachePatcherCLI", "UE3ShaderCachePatcherCLI\UE3ShaderCachePatcherCLI.csproj", "{498E56C0-3834-4415-A618-D386E6E20B71}"
EndProject
Global
	GlobalSection(SolutionConfigurationPlatforms) = preSolution
		Debug|Any CPU = Debug|Any CPU
		Release|Any CPU = Release|Any CPU
	EndGlobalSection
	GlobalSection(ProjectConfigurationPlatforms) = postSolution
		{58992D17-9D82-4588-8621-AB6940859628}.Debug|Any CPU.ActiveCfg = Debug|Any CPU
		{58992D17-9D82-4588-8621-AB6940859628}.Debug|Any CPU.Build.0 = Debug|Any CPU
		{58992D17-9D82-4588-8621-AB6940859628}.Release|Any CPU.ActiveCfg = Release|Any CPU
		{58992D17-9D82-4588-8621-AB6940859628}.Release|Any CPU.Build.0 = Release|Any CPU
		{7E45273F-434F-42FA-8269-0E760AEB41E1}.Debug|Any CPU.ActiveCfg = Debug|Any CPU
		{7E45273F-434F-42FA-8269-0E760AEB41E1}.Debug|Any CPU.Build.0 = Debug|Any CPU
		{7E45273F-434F-42FA-8269-0E760AEB41E1}.Release|Any CPU.ActiveCfg = Release|Any CPU
		{7E45273F-434F-42FA-8269-0E760AEB41E1}.Release|Any CPU.Build.0 = Release|Any CPU
		{F903C555-78E6-4A9C-AF61-EB9BD5901113}.Debug|Any CPU.ActiveCfg = Debug|Any CPU
		{F903C555-78E6-4A9C-AF61-EB9BD5901113}.Debug|Any CPU.Build.0 = Debug|Any CPU
		{F903C555-78E6-4A9C-AF61-EB9BD5901113}.Release|Any CPU.ActiveCfg = Release|Any CPU
		{F903C555-78E6-4A9C-AF61-EB9BD5901113}.Release|Any CPU.Build.0 = Release|Any CPU
		{498E56C0-3834-4415-A618-D386E6E20B71}.Debug|Any CPU.ActiveCfg = Debug|Any CPU
		{498E56C0-3834-4415-A618-D386E6E20B71}.Debug|Any CPU.Build.0 = Debug|Any CPU
		{498E56C0-3834-4415-A618-D386E6E20B71}.Release|Any CPU.ActiveCfg = Release|Any CPU
		{498E56C0-3834-4415-A618-D386E6E20B71}.Release|Any CPU.Build.0 = Release|Any CPU
	EndGlobalSection
	GlobalSection(SolutionProperties) = preSolution
		HideSolutionNode = FALSE
	EndGlobalSection
	GlobalSection(ExtensibilityGlobals) = postSolution
		SolutionGuid = {0A47ADB6-003F-4EBB-951E-C774354C9026}
	EndGlobalSection
EndGlobal
